
Microsoft Visual Studio Solution File, Format Version 12.00
# Visual Studio 15
VisualStudioVersion = 15.0.28307.102
MinimumVisualStudioVersion = 10.0.40219.1
Project("{FAE04EC0-301F-11D3-BF4B-00C04F79EFBC}") = "InterviewPrep", "InterviewPrep.csproj", "{C0219ADB-BD16-4406-B80C-0B84455DD610}"
EndProject
Global
	GlobalSection(SolutionConfigurationPlatforms) = preSolution
		Debug|Any CPU = Debug|Any CPU
		Release|Any CPU = Release|Any CPU
	EndGlobalSection
	GlobalSection(ProjectConfigurationPlatforms) = postSolution
		{C0219ADB-BD16-4406-B80C-0B84455DD610}.Debug|Any CPU.ActiveCfg = Debug|Any CPU
		{C0219ADB-BD16-4406-B80C-0B84455DD610}.Debug|Any CPU.Build.0 = Debug|Any CPU
		{C0219ADB-BD16-4406-B80C-0B84455DD610}.Release|Any CPU.ActiveCfg = Release|Any CPU
		{C0219ADB-BD16-4406-B80C-0B84455DD610}.Release|Any CPU.Build.0 = Release|Any CPU
	EndGlobalSection
	GlobalSection(SolutionProperties) = preSolution
		HideSolutionNode = FALSE
	EndGlobalSection
	GlobalSection(ExtensibilityGlobals) = postSolution
		SolutionGuid = {667F7354-1C60-4F93-BDCE-77E5816B1B19}
	EndGlobalSection
EndGlobal
